
Microsoft Visual Studio Solution File, Format Version 12.00
# Visual Studio Version 16
VisualStudioVersion = 16.0.30406.217
MinimumVisualStudioVersion = 10.0.40219.1
Project("{9A19103F-16F7-4668-BE54-9A1E7A4F7556}") = "Play", "PlayService\Play.csproj", "{F15480E0-2BF1-49B6-8C69-CCF532D04D15}"
EndProject
Project("{9A19103F-16F7-4668-BE54-9A1E7A4F7556}") = "Auth", "AuthService\Auth.csproj", "{BF09672D-EB6C-4B30-A687-FC42E1FD5586}"
EndProject
Project("{2150E333-8FDC-42A3-9474-1A3956D46DE8}") = "Solution Items", "Solution Items", "{8D2397CE-F23F-41E5-B307-42B47D4B85D8}"
	ProjectSection(SolutionItems) = preProject
		JwtConfig.json = JwtConfig.json
	EndProjectSection
EndProject
Project("{9A19103F-16F7-4668-BE54-9A1E7A4F7556}") = "Profile", "ProfileService\Profile.csproj", "{A86779B4-DB93-41B4-8C0A-9EA0D278BE8F}"
EndProject
Global
	GlobalSection(SolutionConfigurationPlatforms) = preSolution
		Debug|Any CPU = Debug|Any CPU
		Debug|x64 = Debug|x64
		Debug|x86 = Debug|x86
		Release|Any CPU = Release|Any CPU
		Release|x64 = Release|x64
		Release|x86 = Release|x86
	EndGlobalSection
	GlobalSection(ProjectConfigurationPlatforms) = postSolution
		{F15480E0-2BF1-49B6-8C69-CCF532D04D15}.Debug|Any CPU.ActiveCfg = Debug|Any CPU
		{F15480E0-2BF1-49B6-8C69-CCF532D04D15}.Debug|Any CPU.Build.0 = Debug|Any CPU
		{F15480E0-2BF1-49B6-8C69-CCF532D04D15}.Debug|x64.ActiveCfg = Debug|Any CPU
		{F15480E0-2BF1-49B6-8C69-CCF532D04D15}.Debug|x64.Build.0 = Debug|Any CPU
		{F15480E0-2BF1-49B6-8C69-CCF532D04D15}.Debug|x86.ActiveCfg = Debug|Any CPU
		{F15480E0-2BF1-49B6-8C69-CCF532D04D15}.Debug|x86.Build.0 = Debug|Any CPU
		{F15480E0-2BF1-49B6-8C69-CCF532D04D15}.Release|Any CPU.ActiveCfg = Release|Any CPU
		{F15480E0-2BF1-49B6-8C69-CCF532D04D15}.Release|Any CPU.Build.0 = Release|Any CPU
		{F15480E0-2BF1-49B6-8C69-CCF532D04D15}.Release|x64.ActiveCfg = Release|Any CPU
		{F15480E0-2BF1-49B6-8C69-CCF532D04D15}.Release|x64.Build.0 = Release|Any CPU
		{F15480E0-2BF1-49B6-8C69-CCF532D04D15}.Release|x86.ActiveCfg = Release|Any CPU
		{F15480E0-2BF1-49B6-8C69-CCF532D04D15}.Release|x86.Build.0 = Release|Any CPU
		{BF09672D-EB6C-4B30-A687-FC42E1FD5586}.Debug|Any CPU.ActiveCfg = Debug|Any CPU
		{BF09672D-EB6C-4B30-A687-FC42E1FD5586}.Debug|Any CPU.Build.0 = Debug|Any CPU
		{BF09672D-EB6C-4B30-A687-FC42E1FD5586}.Debug|x64.ActiveCfg = Debug|Any CPU
		{BF09672D-EB6C-4B30-A687-FC42E1FD5586}.Debug|x64.Build.0 = Debug|Any CPU
		{BF09672D-EB6C-4B30-A687-FC42E1FD5586}.Debug|x86.ActiveCfg = Debug|Any CPU
		{BF09672D-EB6C-4B30-A687-FC42E1FD5586}.Debug|x86.Build.0 = Debug|Any CPU
		{BF09672D-EB6C-4B30-A687-FC42E1FD5586}.Release|Any CPU.ActiveCfg = Release|Any CPU
		{BF09672D-EB6C-4B30-A687-FC42E1FD5586}.Release|Any CPU.Build.0 = Release|Any CPU
		{BF09672D-EB6C-4B30-A687-FC42E1FD5586}.Release|x64.ActiveCfg = Release|Any CPU
		{BF09672D-EB6C-4B30-A687-FC42E1FD5586}.Release|x64.Build.0 = Release|Any CPU
		{BF09672D-EB6C-4B30-A687-FC42E1FD5586}.Release|x86.ActiveCfg = Release|Any CPU
		{BF09672D-EB6C-4B30-A687-FC42E1FD5586}.Release|x86.Build.0 = Release|Any CPU
		{A86779B4-DB93-41B4-8C0A-9EA0D278BE8F}.Debug|Any CPU.ActiveCfg = Debug|Any CPU
		{A86779B4-DB93-41B4-8C0A-9EA0D278BE8F}.Debug|Any CPU.Build.0 = Debug|Any CPU
		{A86779B4-DB93-41B4-8C0A-9EA0D278BE8F}.Debug|x64.ActiveCfg = Debug|Any CPU
		{A86779B4-DB93-41B4-8C0A-9EA0D278BE8F}.Debug|x64.Build.0 = Debug|Any CPU
		{A86779B4-DB93-41B4-8C0A-9EA0D278BE8F}.Debug|x86.ActiveCfg = Debug|Any CPU
		{A86779B4-DB93-41B4-8C0A-9EA0D278BE8F}.Debug|x86.Build.0 = Debug|Any CPU
		{A86779B4-DB93-41B4-8C0A-9EA0D278BE8F}.Release|Any CPU.ActiveCfg = Release|Any CPU
		{A86779B4-DB93-41B4-8C0A-9EA0D278BE8F}.Release|Any CPU.Build.0 = Release|Any CPU
		{A86779B4-DB93-41B4-8C0A-9EA0D278BE8F}.Release|x64.ActiveCfg = Release|Any CPU
		{A86779B4-DB93-41B4-8C0A-9EA0D278BE8F}.Release|x64.Build.0 = Release|Any CPU
		{A86779B4-DB93-41B4-8C0A-9EA0D278BE8F}.Release|x86.ActiveCfg = Release|Any CPU
		{A86779B4-DB93-41B4-8C0A-9EA0D278BE8F}.Release|x86.Build.0 = Release|Any CPU
	EndGlobalSection
	GlobalSection(SolutionProperties) = preSolution
		HideSolutionNode = FALSE
	EndGlobalSection
	GlobalSection(ExtensibilityGlobals) = postSolution
		SolutionGuid = {63691B3C-D71F-47F4-9665-CE0AA82D676C}
	EndGlobalSection
EndGlobal
