
Microsoft Visual Studio Solution File, Format Version 12.00
# Visual Studio Version 16
VisualStudioVersion = 16.0.30406.217
MinimumVisualStudioVersion = 10.0.40219.1
Project("{9A19103F-16F7-4668-BE54-9A1E7A4F7556}") = "PlayService", "PlayService\PlayService.csproj", "{F15480E0-2BF1-49B6-8C69-CCF532D04D15}"
EndProject
Project("{9A19103F-16F7-4668-BE54-9A1E7A4F7556}") = "AuthService", "AuthService\AuthService.csproj", "{BF09672D-EB6C-4B30-A687-FC42E1FD5586}"
EndProject
Global
	GlobalSection(SolutionConfigurationPlatforms) = preSolution
		Debug|Any CPU = Debug|Any CPU
		Debug|x64 = Debug|x64
		Debug|x86 = Debug|x86
		Release|Any CPU = Release|Any CPU
		Release|x64 = Release|x64
		Release|x86 = Release|x86
	EndGlobalSection
	GlobalSection(ProjectConfigurationPlatforms) = postSolution
		{F15480E0-2BF1-49B6-8C69-CCF532D04D15}.Debug|Any CPU.ActiveCfg = Debug|Any CPU
		{F15480E0-2BF1-49B6-8C69-CCF532D04D15}.Debug|Any CPU.Build.0 = Debug|Any CPU
		{F15480E0-2BF1-49B6-8C69-CCF532D04D15}.Debug|x64.ActiveCfg = Debug|Any CPU
		{F15480E0-2BF1-49B6-8C69-CCF532D04D15}.Debug|x64.Build.0 = Debug|Any CPU
		{F15480E0-2BF1-49B6-8C69-CCF532D04D15}.Debug|x86.ActiveCfg = Debug|Any CPU
		{F15480E0-2BF1-49B6-8C69-CCF532D04D15}.Debug|x86.Build.0 = Debug|Any CPU
		{F15480E0-2BF1-49B6-8C69-CCF532D04D15}.Release|Any CPU.ActiveCfg = Release|Any CPU
		{F15480E0-2BF1-49B6-8C69-CCF532D04D15}.Release|Any CPU.Build.0 = Release|Any CPU
		{F15480E0-2BF1-49B6-8C69-CCF532D04D15}.Release|x64.ActiveCfg = Release|Any CPU
		{F15480E0-2BF1-49B6-8C69-CCF532D04D15}.Release|x64.Build.0 = Release|Any CPU
		{F15480E0-2BF1-49B6-8C69-CCF532D04D15}.Release|x86.ActiveCfg = Release|Any CPU
		{F15480E0-2BF1-49B6-8C69-CCF532D04D15}.Release|x86.Build.0 = Release|Any CPU
		{BF09672D-EB6C-4B30-A687-FC42E1FD5586}.Debug|Any CPU.ActiveCfg = Debug|Any CPU
		{BF09672D-EB6C-4B30-A687-FC42E1FD5586}.Debug|Any CPU.Build.0 = Debug|Any CPU
		{BF09672D-EB6C-4B30-A687-FC42E1FD5586}.Debug|x64.ActiveCfg = Debug|Any CPU
		{BF09672D-EB6C-4B30-A687-FC42E1FD5586}.Debug|x64.Build.0 = Debug|Any CPU
		{BF09672D-EB6C-4B30-A687-FC42E1FD5586}.Debug|x86.ActiveCfg = Debug|Any CPU
		{BF09672D-EB6C-4B30-A687-FC42E1FD5586}.Debug|x86.Build.0 = Debug|Any CPU
		{BF09672D-EB6C-4B30-A687-FC42E1FD5586}.Release|Any CPU.ActiveCfg = Release|Any CPU
		{BF09672D-EB6C-4B30-A687-FC42E1FD5586}.Release|Any CPU.Build.0 = Release|Any CPU
		{BF09672D-EB6C-4B30-A687-FC42E1FD5586}.Release|x64.ActiveCfg = Release|Any CPU
		{BF09672D-EB6C-4B30-A687-FC42E1FD5586}.Release|x64.Build.0 = Release|Any CPU
		{BF09672D-EB6C-4B30-A687-FC42E1FD5586}.Release|x86.ActiveCfg = Release|Any CPU
		{BF09672D-EB6C-4B30-A687-FC42E1FD5586}.Release|x86.Build.0 = Release|Any CPU
	EndGlobalSection
	GlobalSection(SolutionProperties) = preSolution
		HideSolutionNode = FALSE
	EndGlobalSection
	GlobalSection(ExtensibilityGlobals) = postSolution
		SolutionGuid = {63691B3C-D71F-47F4-9665-CE0AA82D676C}
	EndGlobalSection
EndGlobal
